
Microsoft Visual Studio Solution File, Format Version 12.00
# Visual Studio Version 16
VisualStudioVersion = 16.0.31410.357
MinimumVisualStudioVersion = 10.0.40219.1
Project("{FAE04EC0-301F-11D3-BF4B-00C04F79EFBC}") = "ReverseStringTests", "ReverseStringTests\ReverseStringTests.csproj", "{37D95A54-CFD8-488A-8217-6CF3A4400634}"
EndProject
Project("{9A19103F-16F7-4668-BE54-9A1E7A4F7556}") = "ReverseString", "ReverseString\ReverseString.csproj", "{75E5E4BD-ED3C-471E-AE3B-E7D491FEE8E8}"
EndProject
Global
	GlobalSection(SolutionConfigurationPlatforms) = preSolution
		Debug|Any CPU = Debug|Any CPU
		Release|Any CPU = Release|Any CPU
	EndGlobalSection
	GlobalSection(ProjectConfigurationPlatforms) = postSolution
		{37D95A54-CFD8-488A-8217-6CF3A4400634}.Debug|Any CPU.ActiveCfg = Debug|Any CPU
		{37D95A54-CFD8-488A-8217-6CF3A4400634}.Debug|Any CPU.Build.0 = Debug|Any CPU
		{37D95A54-CFD8-488A-8217-6CF3A4400634}.Release|Any CPU.ActiveCfg = Release|Any CPU
		{37D95A54-CFD8-488A-8217-6CF3A4400634}.Release|Any CPU.Build.0 = Release|Any CPU
		{75E5E4BD-ED3C-471E-AE3B-E7D491FEE8E8}.Debug|Any CPU.ActiveCfg = Debug|Any CPU
		{75E5E4BD-ED3C-471E-AE3B-E7D491FEE8E8}.Debug|Any CPU.Build.0 = Debug|Any CPU
		{75E5E4BD-ED3C-471E-AE3B-E7D491FEE8E8}.Release|Any CPU.ActiveCfg = Release|Any CPU
		{75E5E4BD-ED3C-471E-AE3B-E7D491FEE8E8}.Release|Any CPU.Build.0 = Release|Any CPU
	EndGlobalSection
	GlobalSection(SolutionProperties) = preSolution
		HideSolutionNode = FALSE
	EndGlobalSection
	GlobalSection(ExtensibilityGlobals) = postSolution
		SolutionGuid = {A20DFE97-D8D8-4DC3-9BC8-1E5F353AB347}
	EndGlobalSection
EndGlobal
